// !$*UTF8*$!
{
	archiveVersion = 1;
	classes = {
	};
	objectVersion = 50;
	objects = {

/* Begin PBXBuildFile section */
		34E879E026A91B2000D4ED66 /* AppDelegate.swift in Sources */ = {isa = PBXBuildFile; fileRef = 34E879DF26A91B2000D4ED66 /* AppDelegate.swift */; };
		34E879E226A91B2000D4ED66 /* SceneDelegate.swift in Sources */ = {isa = PBXBuildFile; fileRef = 34E879E126A91B2000D4ED66 /* SceneDelegate.swift */; };
		34E879E426A91B2000D4ED66 /* ViewController.swift in Sources */ = {isa = PBXBuildFile; fileRef = 34E879E326A91B2000D4ED66 /* ViewController.swift */; };
		34E879E726A91B2000D4ED66 /* Main.storyboard in Resources */ = {isa = PBXBuildFile; fileRef = 34E879E526A91B2000D4ED66 /* Main.storyboard */; };
		34E879E926A91B2400D4ED66 /* Assets.xcassets in Resources */ = {isa = PBXBuildFile; fileRef = 34E879E826A91B2400D4ED66 /* Assets.xcassets */; };
		34E879EC26A91B2400D4ED66 /* LaunchScreen.storyboard in Resources */ = {isa = PBXBuildFile; fileRef = 34E879EA26A91B2400D4ED66 /* LaunchScreen.storyboard */; };
		34E879F426A91B7100D4ED66 /* InjectionDependency.swift in Sources */ = {isa = PBXBuildFile; fileRef = 34E879F326A91B7100D4ED66 /* InjectionDependency.swift */; };
		34E879F626A91BB700D4ED66 /* NetworkProvider.swift in Sources */ = {isa = PBXBuildFile; fileRef = 34E879F526A91BB700D4ED66 /* NetworkProvider.swift */; };
		34E879F826A91D7500D4ED66 /* TestViewController.swift in Sources */ = {isa = PBXBuildFile; fileRef = 34E879F726A91D7500D4ED66 /* TestViewController.swift */; };
/* End PBXBuildFile section */

/* Begin PBXFileReference section */
		34E879DC26A91B2000D4ED66 /* InjectionTest.app */ = {isa = PBXFileReference; explicitFileType = wrapper.application; includeInIndex = 0; path = InjectionTest.app; sourceTree = BUILT_PRODUCTS_DIR; };
		34E879DF26A91B2000D4ED66 /* AppDelegate.swift */ = {isa = PBXFileReference; lastKnownFileType = sourcecode.swift; path = AppDelegate.swift; sourceTree = "<group>"; };
		34E879E126A91B2000D4ED66 /* SceneDelegate.swift */ = {isa = PBXFileReference; lastKnownFileType = sourcecode.swift; path = SceneDelegate.swift; sourceTree = "<group>"; };
		34E879E326A91B2000D4ED66 /* ViewController.swift */ = {isa = PBXFileReference; lastKnownFileType = sourcecode.swift; path = ViewController.swift; sourceTree = "<group>"; };
		34E879E626A91B2000D4ED66 /* Base */ = {isa = PBXFileReference; lastKnownFileType = file.storyboard; name = Base; path = Base.lproj/Main.storyboard; sourceTree = "<group>"; };
		34E879E826A91B2400D4ED66 /* Assets.xcassets */ = {isa = PBXFileReference; lastKnownFileType = folder.assetcatalog; path = Assets.xcassets; sourceTree = "<group>"; };
		34E879EB26A91B2400D4ED66 /* Base */ = {isa = PBXFileReference; lastKnownFileType = file.storyboard; name = Base; path = Base.lproj/LaunchScreen.storyboard; sourceTree = "<group>"; };
		34E879ED26A91B2400D4ED66 /* Info.plist */ = {isa = PBXFileReference; lastKnownFileType = text.plist.xml; path = Info.plist; sourceTree = "<group>"; };
		34E879F326A91B7100D4ED66 /* InjectionDependency.swift */ = {isa = PBXFileReference; lastKnownFileType = sourcecode.swift; path = InjectionDependency.swift; sourceTree = "<group>"; };
		34E879F526A91BB700D4ED66 /* NetworkProvider.swift */ = {isa = PBXFileReference; lastKnownFileType = sourcecode.swift; path = NetworkProvider.swift; sourceTree = "<group>"; };
		34E879F726A91D7500D4ED66 /* TestViewController.swift */ = {isa = PBXFileReference; lastKnownFileType = sourcecode.swift; path = TestViewController.swift; sourceTree = "<group>"; };
/* End PBXFileReference section */

/* Begin PBXFrameworksBuildPhase section */
		34E879D926A91B2000D4ED66 /* Frameworks */ = {
			isa = PBXFrameworksBuildPhase;
			buildActionMask = 2147483647;
			files = (
			);
			runOnlyForDeploymentPostprocessing = 0;
		};
/* End PBXFrameworksBuildPhase section */

/* Begin PBXGroup section */
		34E879D326A91B2000D4ED66 = {
			isa = PBXGroup;
			children = (
				34E879DE26A91B2000D4ED66 /* InjectionTest */,
				34E879DD26A91B2000D4ED66 /* Products */,
			);
			sourceTree = "<group>";
		};
		34E879DD26A91B2000D4ED66 /* Products */ = {
			isa = PBXGroup;
			children = (
				34E879DC26A91B2000D4ED66 /* InjectionTest.app */,
			);
			name = Products;
			sourceTree = "<group>";
		};
		34E879DE26A91B2000D4ED66 /* InjectionTest */ = {
			isa = PBXGroup;
			children = (
				34E879DF26A91B2000D4ED66 /* AppDelegate.swift */,
				34E879E126A91B2000D4ED66 /* SceneDelegate.swift */,
				34E879E326A91B2000D4ED66 /* ViewController.swift */,
				34E879E526A91B2000D4ED66 /* Main.storyboard */,
				34E879E826A91B2400D4ED66 /* Assets.xcassets */,
				34E879EA26A91B2400D4ED66 /* LaunchScreen.storyboard */,
				34E879ED26A91B2400D4ED66 /* Info.plist */,
				34E879F326A91B7100D4ED66 /* InjectionDependency.swift */,
				34E879F526A91BB700D4ED66 /* NetworkProvider.swift */,
				34E879F726A91D7500D4ED66 /* TestViewController.swift */,
			);
			path = InjectionTest;
			sourceTree = "<group>";
		};
/* End PBXGroup section */

/* Begin PBXNativeTarget section */
		34E879DB26A91B2000D4ED66 /* InjectionTest */ = {
			isa = PBXNativeTarget;
			buildConfigurationList = 34E879F026A91B2400D4ED66 /* Build configuration list for PBXNativeTarget "InjectionTest" */;
			buildPhases = (
				34E879D826A91B2000D4ED66 /* Sources */,
				34E879D926A91B2000D4ED66 /* Frameworks */,
				34E879DA26A91B2000D4ED66 /* Resources */,
			);
			buildRules = (
			);
			dependencies = (
			);
			name = InjectionTest;
			productName = InjectionTest;
			productReference = 34E879DC26A91B2000D4ED66 /* InjectionTest.app */;
			productType = "com.apple.product-type.application";
		};
/* End PBXNativeTarget section */

/* Begin PBXProject section */
		34E879D426A91B2000D4ED66 /* Project object */ = {
			isa = PBXProject;
			attributes = {
				LastSwiftUpdateCheck = 1250;
				LastUpgradeCheck = 1250;
				TargetAttributes = {
					34E879DB26A91B2000D4ED66 = {
						CreatedOnToolsVersion = 12.5;
					};
				};
			};
			buildConfigurationList = 34E879D726A91B2000D4ED66 /* Build configuration list for PBXProject "InjectionTest" */;
			compatibilityVersion = "Xcode 9.3";
			developmentRegion = en;
			hasScannedForEncodings = 0;
			knownRegions = (
				en,
				Base,
			);
			mainGroup = 34E879D326A91B2000D4ED66;
			productRefGroup = 34E879DD26A91B2000D4ED66 /* Products */;
			projectDirPath = "";
			projectRoot = "";
			targets = (
				34E879DB26A91B2000D4ED66 /* InjectionTest */,
			);
		};
/* End PBXProject section */

/* Begin PBXResourcesBuildPhase section */
		34E879DA26A91B2000D4ED66 /* Resources */ = {
			isa = PBXResourcesBuildPhase;
			buildActionMask = 2147483647;
			files = (
				34E879EC26A91B2400D4ED66 /* LaunchScreen.storyboard in Resources */,
				34E879E926A91B2400D4ED66 /* Assets.xcassets in Resources */,
				34E879E726A91B2000D4ED66 /* Main.storyboard in Resources */,
			);
			runOnlyForDeploymentPostprocessing = 0;
		};
/* End PBXResourcesBuildPhase section */

/* Begin PBXSourcesBuildPhase section */
		34E879D826A91B2000D4ED66 /* Sources */ = {
			isa = PBXSourcesBuildPhase;
			buildActionMask = 2147483647;
			files = (
				34E879E426A91B2000D4ED66 /* ViewController.swift in Sources */,
				34E879E026A91B2000D4ED66 /* AppDelegate.swift in Sources */,
				34E879F426A91B7100D4ED66 /* InjectionDependency.swift in Sources */,
				34E879E226A91B2000D4ED66 /* SceneDelegate.swift in Sources */,
				34E879F826A91D7500D4ED66 /* TestViewController.swift in Sources */,
				34E879F626A91BB700D4ED66 /* NetworkProvider.swift in Sources */,
			);
			runOnlyForDeploymentPostprocessing = 0;
		};
/* End PBXSourcesBuildPhase section */

/* Begin PBXVariantGroup section */
		34E879E526A91B2000D4ED66 /* Main.storyboard */ = {
			isa = PBXVariantGroup;
			children = (
				34E879E626A91B2000D4ED66 /* Base */,
			);
			name = Main.storyboard;
			sourceTree = "<group>";
		};
		34E879EA26A91B2400D4ED66 /* LaunchScreen.storyboard */ = {
			isa = PBXVariantGroup;
			children = (
				34E879EB26A91B2400D4ED66 /* Base */,
			);
			name = LaunchScreen.storyboard;
			sourceTree = "<group>";
		};
/* End PBXVariantGroup section */

/* Begin XCBuildConfiguration section */
		34E879EE26A91B2400D4ED66 /* Debug */ = {
			isa = XCBuildConfiguration;
			buildSettings = {
				ALWAYS_SEARCH_USER_PATHS = NO;
				CLANG_ANALYZER_NONNULL = YES;
				CLANG_ANALYZER_NUMBER_OBJECT_CONVERSION = YES_AGGRESSIVE;
				CLANG_CXX_LANGUAGE_STANDARD = "gnu++14";
				CLANG_CXX_LIBRARY = "libc++";
				CLANG_ENABLE_MODULES = YES;
				CLANG_ENABLE_OBJC_ARC = YES;
				CLANG_ENABLE_OBJC_WEAK = YES;
				CLANG_WARN_BLOCK_CAPTURE_AUTORELEASING = YES;
				CLANG_WARN_BOOL_CONVERSION = YES;
				CLANG_WARN_COMMA = YES;
				CLANG_WARN_CONSTANT_CONVERSION = YES;
				CLANG_WARN_DEPRECATED_OBJC_IMPLEMENTATIONS = YES;
				CLANG_WARN_DIRECT_OBJC_ISA_USAGE = YES_ERROR;
				CLANG_WARN_DOCUMENTATION_COMMENTS = YES;
				CLANG_WARN_EMPTY_BODY = YES;
				CLANG_WARN_ENUM_CONVERSION = YES;
				CLANG_WARN_INFINITE_RECURSION = YES;
				CLANG_WARN_INT_CONVERSION = YES;
				CLANG_WARN_NON_LITERAL_NULL_CONVERSION = YES;
				CLANG_WARN_OBJC_IMPLICIT_RETAIN_SELF = YES;
				CLANG_WARN_OBJC_LITERAL_CONVERSION = YES;
				CLANG_WARN_OBJC_ROOT_CLASS = YES_ERROR;
				CLANG_WARN_QUOTED_INCLUDE_IN_FRAMEWORK_HEADER = YES;
				CLANG_WARN_RANGE_LOOP_ANALYSIS = YES;
				CLANG_WARN_STRICT_PROTOTYPES = YES;
				CLANG_WARN_SUSPICIOUS_MOVE = YES;
				CLANG_WARN_UNGUARDED_AVAILABILITY = YES_AGGRESSIVE;
				CLANG_WARN_UNREACHABLE_CODE = YES;
				CLANG_WARN__DUPLICATE_METHOD_MATCH = YES;
				COPY_PHASE_STRIP = NO;
				DEBUG_INFORMATION_FORMAT = dwarf;
				ENABLE_STRICT_OBJC_MSGSEND = YES;
				ENABLE_TESTABILITY = YES;
				GCC_C_LANGUAGE_STANDARD = gnu11;
				GCC_DYNAMIC_NO_PIC = NO;
				GCC_NO_COMMON_BLOCKS = YES;
				GCC_OPTIMIZATION_LEVEL = 0;
				GCC_PREPROCESSOR_DEFINITIONS = (
					"DEBUG=1",
					"$(inherited)",
				);
				GCC_WARN_64_TO_32_BIT_CONVERSION = YES;
				GCC_WARN_ABOUT_RETURN_TYPE = YES_ERROR;
				GCC_WARN_UNDECLARED_SELECTOR = YES;
				GCC_WARN_UNINITIALIZED_AUTOS = YES_AGGRESSIVE;
				GCC_WARN_UNUSED_FUNCTION = YES;
				GCC_WARN_UNUSED_VARIABLE = YES;
				IPHONEOS_DEPLOYMENT_TARGET = 14.5;
				MTL_ENABLE_DEBUG_INFO = INCLUDE_SOURCE;
				MTL_FAST_MATH = YES;
				ONLY_ACTIVE_ARCH = YES;
				SDKROOT = iphoneos;
				SWIFT_ACTIVE_COMPILATION_CONDITIONS = DEBUG;
				SWIFT_OPTIMIZATION_LEVEL = "-Onone";
			};
			name = Debug;
		};
		34E879EF26A91B2400D4ED66 /* Release */ = {
			isa = XCBuildConfiguration;
			buildSettings = {
				ALWAYS_SEARCH_USER_PATHS = NO;
				CLANG_ANALYZER_NONNULL = YES;
				CLANG_ANALYZER_NUMBER_OBJECT_CONVERSION = YES_AGGRESSIVE;
				CLANG_CXX_LANGUAGE_STANDARD = "gnu++14";
				CLANG_CXX_LIBRARY = "libc++";
				CLANG_ENABLE_MODULES = YES;
				CLANG_ENABLE_OBJC_ARC = YES;
				CLANG_ENABLE_OBJC_WEAK = YES;
				CLANG_WARN_BLOCK_CAPTURE_AUTORELEASING = YES;
				CLANG_WARN_BOOL_CONVERSION = YES;
				CLANG_WARN_COMMA = YES;
				CLANG_WARN_CONSTANT_CONVERSION = YES;
				CLANG_WARN_DEPRECATED_OBJC_IMPLEMENTATIONS = YES;
				CLANG_WARN_DIRECT_OBJC_ISA_USAGE = YES_ERROR;
				CLANG_WARN_DOCUMENTATION_COMMENTS = YES;
				CLANG_WARN_EMPTY_BODY = YES;
				CLANG_WARN_ENUM_CONVERSION = YES;
				CLANG_WARN_INFINITE_RECURSION = YES;
				CLANG_WARN_INT_CONVERSION = YES;
				CLANG_WARN_NON_LITERAL_NULL_CONVERSION = YES;
				CLANG_WARN_OBJC_IMPLICIT_RETAIN_SELF = YES;
				CLANG_WARN_OBJC_LITERAL_CONVERSION = YES;
				CLANG_WARN_OBJC_ROOT_CLASS = YES_ERROR;
				CLANG_WARN_QUOTED_INCLUDE_IN_FRAMEWORK_HEADER = YES;
				CLANG_WARN_RANGE_LOOP_ANALYSIS = YES;
				CLANG_WARN_STRICT_PROTOTYPES = YES;
				CLANG_WARN_SUSPICIOUS_MOVE = YES;
				CLANG_WARN_UNGUARDED_AVAILABILITY = YES_AGGRESSIVE;
				CLANG_WARN_UNREACHABLE_CODE = YES;
				CLANG_WARN__DUPLICATE_METHOD_MATCH = YES;
				COPY_PHASE_STRIP = NO;
				DEBUG_INFORMATION_FORMAT = "dwarf-with-dsym";
				ENABLE_NS_ASSERTIONS = NO;
				ENABLE_STRICT_OBJC_MSGSEND = YES;
				GCC_C_LANGUAGE_STANDARD = gnu11;
				GCC_NO_COMMON_BLOCKS = YES;
				GCC_WARN_64_TO_32_BIT_CONVERSION = YES;
				GCC_WARN_ABOUT_RETURN_TYPE = YES_ERROR;
				GCC_WARN_UNDECLARED_SELECTOR = YES;
				GCC_WARN_UNINITIALIZED_AUTOS = YES_AGGRESSIVE;
				GCC_WARN_UNUSED_FUNCTION = YES;
				GCC_WARN_UNUSED_VARIABLE = YES;
				IPHONEOS_DEPLOYMENT_TARGET = 14.5;
				MTL_ENABLE_DEBUG_INFO = NO;
				MTL_FAST_MATH = YES;
				SDKROOT = iphoneos;
				SWIFT_COMPILATION_MODE = wholemodule;
				SWIFT_OPTIMIZATION_LEVEL = "-O";
				VALIDATE_PRODUCT = YES;
			};
			name = Release;
		};
		34E879F126A91B2400D4ED66 /* Debug */ = {
			isa = XCBuildConfiguration;
			buildSettings = {
				ASSETCATALOG_COMPILER_APPICON_NAME = AppIcon;
				ASSETCATALOG_COMPILER_GLOBAL_ACCENT_COLOR_NAME = AccentColor;
				CODE_SIGN_STYLE = Automatic;
				INFOPLIST_FILE = InjectionTest/Info.plist;
				IPHONEOS_DEPLOYMENT_TARGET = 13.0;
				LD_RUNPATH_SEARCH_PATHS = (
					"$(inherited)",
					"@executable_path/Frameworks",
				);
				PRODUCT_BUNDLE_IDENTIFIER = com.sohu.InjectionTest;
				PRODUCT_NAME = "$(TARGET_NAME)";
				SWIFT_VERSION = 5.0;
				TARGETED_DEVICE_FAMILY = "1,2";
			};
			name = Debug;
		};
		34E879F226A91B2400D4ED66 /* Release */ = {
			isa = XCBuildConfiguration;
			buildSettings = {
				ASSETCATALOG_COMPILER_APPICON_NAME = AppIcon;
				ASSETCATALOG_COMPILER_GLOBAL_ACCENT_COLOR_NAME = AccentColor;
				CODE_SIGN_STYLE = Automatic;
				INFOPLIST_FILE = InjectionTest/Info.plist;
				IPHONEOS_DEPLOYMENT_TARGET = 13.0;
				LD_RUNPATH_SEARCH_PATHS = (
					"$(inherited)",
					"@executable_path/Frameworks",
				);
				PRODUCT_BUNDLE_IDENTIFIER = com.sohu.InjectionTest;
				PRODUCT_NAME = "$(TARGET_NAME)";
				SWIFT_VERSION = 5.0;
				TARGETED_DEVICE_FAMILY = "1,2";
			};
			name = Release;
		};
/* End XCBuildConfiguration section */

/* Begin XCConfigurationList section */
		34E879D726A91B2000D4ED66 /* Build configuration list for PBXProject "InjectionTest" */ = {
			isa = XCConfigurationList;
			buildConfigurations = (
				34E879EE26A91B2400D4ED66 /* Debug */,
				34E879EF26A91B2400D4ED66 /* Release */,
			);
			defaultConfigurationIsVisible = 0;
			defaultConfigurationName = Release;
		};
		34E879F026A91B2400D4ED66 /* Build configuration list for PBXNativeTarget "InjectionTest" */ = {
			isa = XCConfigurationList;
			buildConfigurations = (
				34E879F126A91B2400D4ED66 /* Debug */,
				34E879F226A91B2400D4ED66 /* Release */,
			);
			defaultConfigurationIsVisible = 0;
			defaultConfigurationName = Release;
		};
/* End XCConfigurationList section */
	};
	rootObject = 34E879D426A91B2000D4ED66 /* Project object */;
}
